PODS:
  - SwiftyContacts (3.0.11):
    - SwiftyContacts/Core (= 3.0.11)
  - SwiftyContacts/Core (3.0.11)

DEPENDENCIES:
  - SwiftyContacts

SPEC REPOS:
  https://github.com/cocoapods/specs.git:
    - SwiftyContacts

SPEC CHECKSUMS:
  SwiftyContacts: 3b38d400d2480e8a2323194f3f8fcf6b317d8147

PODFILE CHECKSUM: f2c0ee96973eaa2c1717f28abb3abb1e1a48185c

COCOAPODS: 1.7.5
